
Microsoft Visual Studio Solution File, Format Version 12.00
# Visual Studio Version 17
VisualStudioVersion = 17.11.35208.52
MinimumVisualStudioVersion = 10.0.40219.1
Project("{FAE04EC0-301F-11D3-BF4B-00C04F79EFBC}") = "ApowerMirrorLogHandler", "ApowerMirrorLogHandler\ApowerMirrorLogHandler.csproj", "{67D3DCD5-3D1E-4954-B249-D2B4E4A5C580}"
EndProject
Global
	GlobalSection(SolutionConfigurationPlatforms) = preSolution
		Debug|Any CPU = Debug|Any CPU
		Release|Any CPU = Release|Any CPU
	EndGlobalSection
	GlobalSection(ProjectConfigurationPlatforms) = postSolution
		{67D3DCD5-3D1E-4954-B249-D2B4E4A5C580}.Debug|Any CPU.ActiveCfg = Debug|Any CPU
		{67D3DCD5-3D1E-4954-B249-D2B4E4A5C580}.Debug|Any CPU.Build.0 = Debug|Any CPU
		{67D3DCD5-3D1E-4954-B249-D2B4E4A5C580}.Release|Any CPU.ActiveCfg = Release|Any CPU
		{67D3DCD5-3D1E-4954-B249-D2B4E4A5C580}.Release|Any CPU.Build.0 = Release|Any CPU
	EndGlobalSection
	GlobalSection(SolutionProperties) = preSolution
		HideSolutionNode = FALSE
	EndGlobalSection
	GlobalSection(ExtensibilityGlobals) = postSolution
		SolutionGuid = {61C75FFD-2DE2-4F80-921E-46E2E2B531D9}
	EndGlobalSection
EndGlobal
